
Microsoft Visual Studio Solution File, Format Version 12.00
# Visual Studio 15
VisualStudioVersion = 15.0.28307.421
MinimumVisualStudioVersion = 10.0.40219.1
Project("{FAE04EC0-301F-11D3-BF4B-00C04F79EFBC}") = "Quizz", "Quizz\Quizz.csproj", "{BF8DCD27-86D9-4269-A721-E462F13B6ACE}"
EndProject
Global
	GlobalSection(SolutionConfigurationPlatforms) = preSolution
		Debug|Any CPU = Debug|Any CPU
		Release|Any CPU = Release|Any CPU
	EndGlobalSection
	GlobalSection(ProjectConfigurationPlatforms) = postSolution
		{BF8DCD27-86D9-4269-A721-E462F13B6ACE}.Debug|Any CPU.ActiveCfg = Debug|Any CPU
		{BF8DCD27-86D9-4269-A721-E462F13B6ACE}.Debug|Any CPU.Build.0 = Debug|Any CPU
		{BF8DCD27-86D9-4269-A721-E462F13B6ACE}.Release|Any CPU.ActiveCfg = Release|Any CPU
		{BF8DCD27-86D9-4269-A721-E462F13B6ACE}.Release|Any CPU.Build.0 = Release|Any CPU
	EndGlobalSection
	GlobalSection(SolutionProperties) = preSolution
		HideSolutionNode = FALSE
	EndGlobalSection
	GlobalSection(ExtensibilityGlobals) = postSolution
		SolutionGuid = {30FE72EA-B2E0-4222-8F52-0492B1889407}
	EndGlobalSection
EndGlobal
